
Microsoft Visual Studio Solution File, Format Version 12.00
# Visual Studio Version 17
VisualStudioVersion = 17.4.33213.308
MinimumVisualStudioVersion = 10.0.40219.1
Project("{FAE04EC0-301F-11D3-BF4B-00C04F79EFBC}") = "Exercise4", "Exercise4\Exercise4.csproj", "{7C350941-FF3E-4BD8-9400-DDB7EB0571B1}"
EndProject
Global
	GlobalSection(SolutionConfigurationPlatforms) = preSolution
		Debug|Any CPU = Debug|Any CPU
		Release|Any CPU = Release|Any CPU
	EndGlobalSection
	GlobalSection(ProjectConfigurationPlatforms) = postSolution
		{7C350941-FF3E-4BD8-9400-DDB7EB0571B1}.Debug|Any CPU.ActiveCfg = Debug|Any CPU
		{7C350941-FF3E-4BD8-9400-DDB7EB0571B1}.Debug|Any CPU.Build.0 = Debug|Any CPU
		{7C350941-FF3E-4BD8-9400-DDB7EB0571B1}.Release|Any CPU.ActiveCfg = Release|Any CPU
		{7C350941-FF3E-4BD8-9400-DDB7EB0571B1}.Release|Any CPU.Build.0 = Release|Any CPU
	EndGlobalSection
	GlobalSection(SolutionProperties) = preSolution
		HideSolutionNode = FALSE
	EndGlobalSection
	GlobalSection(ExtensibilityGlobals) = postSolution
		SolutionGuid = {FEAFD2C1-116D-4945-836A-847D09A70760}
	EndGlobalSection
EndGlobal
